
Microsoft Visual Studio Solution File, Format Version 12.00
# Visual Studio Version 16
VisualStudioVersion = 16.0.30717.126
MinimumVisualStudioVersion = 10.0.40219.1
Project("{FAE04EC0-301F-11D3-BF4B-00C04F79EFBC}") = "SquadTracker", "SquadTracker.csproj", "{4F5D4893-373F-42F5-9482-CBDC8F8A3449}"
EndProject
Project("{2150E333-8FDC-42A3-9474-1A3956D46DE8}") = "Solution Items", "Solution Items", "{F9F112A2-8B2D-4E14-994F-3C6448CE7CD8}"
	ProjectSection(SolutionItems) = preProject
		.editorconfig = .editorconfig
	EndProjectSection
EndProject
Global
	GlobalSection(SolutionConfigurationPlatforms) = preSolution
		Debug|x64 = Debug|x64
		Release|x64 = Release|x64
	EndGlobalSection
	GlobalSection(ProjectConfigurationPlatforms) = postSolution
		{4F5D4893-373F-42F5-9482-CBDC8F8A3449}.Debug|x64.ActiveCfg = Debug|x64
		{4F5D4893-373F-42F5-9482-CBDC8F8A3449}.Debug|x64.Build.0 = Debug|x64
		{4F5D4893-373F-42F5-9482-CBDC8F8A3449}.Release|x64.ActiveCfg = Release|x64
		{4F5D4893-373F-42F5-9482-CBDC8F8A3449}.Release|x64.Build.0 = Release|x64
	EndGlobalSection
	GlobalSection(SolutionProperties) = preSolution
		HideSolutionNode = FALSE
	EndGlobalSection
	GlobalSection(ExtensibilityGlobals) = postSolution
		SolutionGuid = {2937DB12-E260-4256-B8D9-51E61F3AE735}
	EndGlobalSection
EndGlobal
